
Microsoft Visual Studio Solution File, Format Version 12.00
# Visual Studio Version 17
VisualStudioVersion = 17.6.33829.357
MinimumVisualStudioVersion = 10.0.40219.1
Project("{FAE04EC0-301F-11D3-BF4B-00C04F79EFBC}") = "DiscordPromptsBot", "DiscordPromptsBot.csproj", "{AB6D5854-DDDB-42EB-9724-EB752C9B3A26}"
EndProject
Global
	GlobalSection(SolutionConfigurationPlatforms) = preSolution
		Debug|Any CPU = Debug|Any CPU
		Release|Any CPU = Release|Any CPU
	EndGlobalSection
	GlobalSection(ProjectConfigurationPlatforms) = postSolution
		{AB6D5854-DDDB-42EB-9724-EB752C9B3A26}.Debug|Any CPU.ActiveCfg = Debug|Any CPU
		{AB6D5854-DDDB-42EB-9724-EB752C9B3A26}.Debug|Any CPU.Build.0 = Debug|Any CPU
		{AB6D5854-DDDB-42EB-9724-EB752C9B3A26}.Release|Any CPU.ActiveCfg = Release|Any CPU
		{AB6D5854-DDDB-42EB-9724-EB752C9B3A26}.Release|Any CPU.Build.0 = Release|Any CPU
	EndGlobalSection
	GlobalSection(SolutionProperties) = preSolution
		HideSolutionNode = FALSE
	EndGlobalSection
	GlobalSection(ExtensibilityGlobals) = postSolution
		SolutionGuid = {B5554E92-D303-4E7D-B33C-1E563AB07F9B}
	EndGlobalSection
EndGlobal
